
Microsoft Visual Studio Solution File, Format Version 12.00
# Visual Studio Version 17
VisualStudioVersion = 17.1.31911.260
MinimumVisualStudioVersion = 10.0.40219.1
Project("{FAE04EC0-301F-11D3-BF4B-00C04F79EFBC}") = "BlazorWebApp2.Server", "BlazorWebApp2\Server\BlazorWebApp2.Server.csproj", "{B3139909-0CC4-40A9-B199-D313C32E5F3F}"
EndProject
Project("{FAE04EC0-301F-11D3-BF4B-00C04F79EFBC}") = "BlazorWebApp2.Client", "BlazorWebApp2\Client\BlazorWebApp2.Client.csproj", "{FC43BC6B-8020-4E1B-A87F-5738620A77F0}"
EndProject
Project("{FAE04EC0-301F-11D3-BF4B-00C04F79EFBC}") = "BlazorWebApp2.Shared", "BlazorWebApp2\Shared\BlazorWebApp2.Shared.csproj", "{BE1A88EB-39BD-4FFA-96AF-67BDB8E9619F}"
EndProject
Global
	GlobalSection(SolutionConfigurationPlatforms) = preSolution
		Debug|Any CPU = Debug|Any CPU
		Release|Any CPU = Release|Any CPU
	EndGlobalSection
	GlobalSection(ProjectConfigurationPlatforms) = postSolution
		{B3139909-0CC4-40A9-B199-D313C32E5F3F}.Debug|Any CPU.ActiveCfg = Debug|Any CPU
		{B3139909-0CC4-40A9-B199-D313C32E5F3F}.Debug|Any CPU.Build.0 = Debug|Any CPU
		{B3139909-0CC4-40A9-B199-D313C32E5F3F}.Release|Any CPU.ActiveCfg = Release|Any CPU
		{B3139909-0CC4-40A9-B199-D313C32E5F3F}.Release|Any CPU.Build.0 = Release|Any CPU
		{FC43BC6B-8020-4E1B-A87F-5738620A77F0}.Debug|Any CPU.ActiveCfg = Debug|Any CPU
		{FC43BC6B-8020-4E1B-A87F-5738620A77F0}.Debug|Any CPU.Build.0 = Debug|Any CPU
		{FC43BC6B-8020-4E1B-A87F-5738620A77F0}.Release|Any CPU.ActiveCfg = Release|Any CPU
		{FC43BC6B-8020-4E1B-A87F-5738620A77F0}.Release|Any CPU.Build.0 = Release|Any CPU
		{BE1A88EB-39BD-4FFA-96AF-67BDB8E9619F}.Debug|Any CPU.ActiveCfg = Debug|Any CPU
		{BE1A88EB-39BD-4FFA-96AF-67BDB8E9619F}.Debug|Any CPU.Build.0 = Debug|Any CPU
		{BE1A88EB-39BD-4FFA-96AF-67BDB8E9619F}.Release|Any CPU.ActiveCfg = Release|Any CPU
		{BE1A88EB-39BD-4FFA-96AF-67BDB8E9619F}.Release|Any CPU.Build.0 = Release|Any CPU
	EndGlobalSection
	GlobalSection(SolutionProperties) = preSolution
		HideSolutionNode = FALSE
	EndGlobalSection
	GlobalSection(ExtensibilityGlobals) = postSolution
		SolutionGuid = {8A670EB6-80F0-4757-9908-24E2FAD6DA73}
	EndGlobalSection
EndGlobal
